// !$*UTF8*$!
{
	archiveVersion = 1;
	classes = {
	};
	objectVersion = 51;
	objects = {

/* Begin PBXBuildFile section */
		250BF51C8395CDD0ACAF83A7 /* Pods_view_pager.framework in Frameworks */ = {isa = PBXBuildFile; fileRef = 6FAA9D86601E0ECE10BC39D6 /* Pods_view_pager.framework */; };
		AB5AF782268A3ED7001D3CD1 /* AppDelegate.swift in Sources */ = {isa = PBXBuildFile; fileRef = AB5AF781268A3ED7001D3CD1 /* AppDelegate.swift */; };
		AB5AF784268A3ED7001D3CD1 /* SceneDelegate.swift in Sources */ = {isa = PBXBuildFile; fileRef = AB5AF783268A3ED7001D3CD1 /* SceneDelegate.swift */; };
		AB5AF786268A3ED7001D3CD1 /* ViewController.swift in Sources */ = {isa = PBXBuildFile; fileRef = AB5AF785268A3ED7001D3CD1 /* ViewController.swift */; };
		AB5AF789268A3ED7001D3CD1 /* Main.storyboard in Resources */ = {isa = PBXBuildFile; fileRef = AB5AF787268A3ED7001D3CD1 /* Main.storyboard */; };
		AB5AF78B268A3EDA001D3CD1 /* Assets.xcassets in Resources */ = {isa = PBXBuildFile; fileRef = AB5AF78A268A3EDA001D3CD1 /* Assets.xcassets */; };
		AB5AF78E268A3EDA001D3CD1 /* LaunchScreen.storyboard in Resources */ = {isa = PBXBuildFile; fileRef = AB5AF78C268A3EDA001D3CD1 /* LaunchScreen.storyboard */; };
		AB5AF796268A4979001D3CD1 /* PageViewController.swift in Sources */ = {isa = PBXBuildFile; fileRef = AB5AF795268A4979001D3CD1 /* PageViewController.swift */; };
		AB5AF79B268A4AC2001D3CD1 /* MenuCollectionViewCell.swift in Sources */ = {isa = PBXBuildFile; fileRef = AB5AF799268A4AC2001D3CD1 /* MenuCollectionViewCell.swift */; };
		AB5AF79F268B03E0001D3CD1 /* FirstViewController.swift in Sources */ = {isa = PBXBuildFile; fileRef = AB5AF79E268B03E0001D3CD1 /* FirstViewController.swift */; };
		AB5AF7A1268B03F4001D3CD1 /* SecondViewController.swift in Sources */ = {isa = PBXBuildFile; fileRef = AB5AF7A0268B03F4001D3CD1 /* SecondViewController.swift */; };
		AB5AF7A3268B0404001D3CD1 /* ThirdViewController.swift in Sources */ = {isa = PBXBuildFile; fileRef = AB5AF7A2268B0404001D3CD1 /* ThirdViewController.swift */; };
		AB5AF7A8268B178F001D3CD1 /* SectionCollectionViewCell.swift in Sources */ = {isa = PBXBuildFile; fileRef = AB5AF7A7268B178F001D3CD1 /* SectionCollectionViewCell.swift */; };
/* End PBXBuildFile section */

/* Begin PBXFileReference section */
		28147A8F4112975FFBE1EC8B /* Pods-view-pager.release.xcconfig */ = {isa = PBXFileReference; includeInIndex = 1; lastKnownFileType = text.xcconfig; name = "Pods-view-pager.release.xcconfig"; path = "Target Support Files/Pods-view-pager/Pods-view-pager.release.xcconfig"; sourceTree = "<group>"; };
		6FAA9D86601E0ECE10BC39D6 /* Pods_view_pager.framework */ = {isa = PBXFileReference; explicitFileType = wrapper.framework; includeInIndex = 0; path = Pods_view_pager.framework; sourceTree = BUILT_PRODUCTS_DIR; };
		AB5AF77E268A3ED7001D3CD1 /* view-pager.app */ = {isa = PBXFileReference; explicitFileType = wrapper.application; includeInIndex = 0; path = "view-pager.app"; sourceTree = BUILT_PRODUCTS_DIR; };
		AB5AF781268A3ED7001D3CD1 /* AppDelegate.swift */ = {isa = PBXFileReference; lastKnownFileType = sourcecode.swift; path = AppDelegate.swift; sourceTree = "<group>"; };
		AB5AF783268A3ED7001D3CD1 /* SceneDelegate.swift */ = {isa = PBXFileReference; lastKnownFileType = sourcecode.swift; path = SceneDelegate.swift; sourceTree = "<group>"; };
		AB5AF785268A3ED7001D3CD1 /* ViewController.swift */ = {isa = PBXFileReference; lastKnownFileType = sourcecode.swift; path = ViewController.swift; sourceTree = "<group>"; };
		AB5AF788268A3ED7001D3CD1 /* Base */ = {isa = PBXFileReference; lastKnownFileType = file.storyboard; name = Base; path = Base.lproj/Main.storyboard; sourceTree = "<group>"; };
		AB5AF78A268A3EDA001D3CD1 /* Assets.xcassets */ = {isa = PBXFileReference; lastKnownFileType = folder.assetcatalog; path = Assets.xcassets; sourceTree = "<group>"; };
		AB5AF78D268A3EDA001D3CD1 /* Base */ = {isa = PBXFileReference; lastKnownFileType = file.storyboard; name = Base; path = Base.lproj/LaunchScreen.storyboard; sourceTree = "<group>"; };
		AB5AF78F268A3EDA001D3CD1 /* Info.plist */ = {isa = PBXFileReference; lastKnownFileType = text.plist.xml; path = Info.plist; sourceTree = "<group>"; };
		AB5AF795268A4979001D3CD1 /* PageViewController.swift */ = {isa = PBXFileReference; lastKnownFileType = sourcecode.swift; path = PageViewController.swift; sourceTree = "<group>"; };
		AB5AF799268A4AC2001D3CD1 /* MenuCollectionViewCell.swift */ = {isa = PBXFileReference; lastKnownFileType = sourcecode.swift; path = MenuCollectionViewCell.swift; sourceTree = "<group>"; };
		AB5AF79E268B03E0001D3CD1 /* FirstViewController.swift */ = {isa = PBXFileReference; lastKnownFileType = sourcecode.swift; path = FirstViewController.swift; sourceTree = "<group>"; };
		AB5AF7A0268B03F4001D3CD1 /* SecondViewController.swift */ = {isa = PBXFileReference; lastKnownFileType = sourcecode.swift; path = SecondViewController.swift; sourceTree = "<group>"; };
		AB5AF7A2268B0404001D3CD1 /* ThirdViewController.swift */ = {isa = PBXFileReference; lastKnownFileType = sourcecode.swift; path = ThirdViewController.swift; sourceTree = "<group>"; };
		AB5AF7A7268B178F001D3CD1 /* SectionCollectionViewCell.swift */ = {isa = PBXFileReference; lastKnownFileType = sourcecode.swift; path = SectionCollectionViewCell.swift; sourceTree = "<group>"; };
		BC8141FCDC584788110F1494 /* Pods-view-pager.debug.xcconfig */ = {isa = PBXFileReference; includeInIndex = 1; lastKnownFileType = text.xcconfig; name = "Pods-view-pager.debug.xcconfig"; path = "Target Support Files/Pods-view-pager/Pods-view-pager.debug.xcconfig"; sourceTree = "<group>"; };
/* End PBXFileReference section */

/* Begin PBXFrameworksBuildPhase section */
		AB5AF77B268A3ED7001D3CD1 /* Frameworks */ = {
			isa = PBXFrameworksBuildPhase;
			buildActionMask = 2147483647;
			files = (
				250BF51C8395CDD0ACAF83A7 /* Pods_view_pager.framework in Frameworks */,
			);
			runOnlyForDeploymentPostprocessing = 0;
		};
/* End PBXFrameworksBuildPhase section */

/* Begin PBXGroup section */
		25B114261B603C01AF4E30D5 /* Pods */ = {
			isa = PBXGroup;
			children = (
				BC8141FCDC584788110F1494 /* Pods-view-pager.debug.xcconfig */,
				28147A8F4112975FFBE1EC8B /* Pods-view-pager.release.xcconfig */,
			);
			path = Pods;
			sourceTree = "<group>";
		};
		AB5AF775268A3ED7001D3CD1 = {
			isa = PBXGroup;
			children = (
				AB5AF780268A3ED7001D3CD1 /* view-pager */,
				AB5AF77F268A3ED7001D3CD1 /* Products */,
				25B114261B603C01AF4E30D5 /* Pods */,
				B285252A554AA73B57EDC18F /* Frameworks */,
			);
			sourceTree = "<group>";
		};
		AB5AF77F268A3ED7001D3CD1 /* Products */ = {
			isa = PBXGroup;
			children = (
				AB5AF77E268A3ED7001D3CD1 /* view-pager.app */,
			);
			name = Products;
			sourceTree = "<group>";
		};
		AB5AF780268A3ED7001D3CD1 /* view-pager */ = {
			isa = PBXGroup;
			children = (
				AB5AF7A5268B1740001D3CD1 /* Section */,
				AB5AF7A4268B173B001D3CD1 /* Menu */,
				AB5AF79D268B03CA001D3CD1 /* ChildViewController */,
				AB5AF781268A3ED7001D3CD1 /* AppDelegate.swift */,
				AB5AF783268A3ED7001D3CD1 /* SceneDelegate.swift */,
				AB5AF785268A3ED7001D3CD1 /* ViewController.swift */,
				AB5AF787268A3ED7001D3CD1 /* Main.storyboard */,
				AB5AF78A268A3EDA001D3CD1 /* Assets.xcassets */,
				AB5AF78C268A3EDA001D3CD1 /* LaunchScreen.storyboard */,
				AB5AF78F268A3EDA001D3CD1 /* Info.plist */,
				AB5AF795268A4979001D3CD1 /* PageViewController.swift */,
			);
			path = "view-pager";
			sourceTree = "<group>";
		};
		AB5AF79D268B03CA001D3CD1 /* ChildViewController */ = {
			isa = PBXGroup;
			children = (
				AB5AF79E268B03E0001D3CD1 /* FirstViewController.swift */,
				AB5AF7A0268B03F4001D3CD1 /* SecondViewController.swift */,
				AB5AF7A2268B0404001D3CD1 /* ThirdViewController.swift */,
			);
			path = ChildViewController;
			sourceTree = "<group>";
		};
		AB5AF7A4268B173B001D3CD1 /* Menu */ = {
			isa = PBXGroup;
			children = (
				AB5AF799268A4AC2001D3CD1 /* MenuCollectionViewCell.swift */,
			);
			path = Menu;
			sourceTree = "<group>";
		};
		AB5AF7A5268B1740001D3CD1 /* Section */ = {
			isa = PBXGroup;
			children = (
				AB5AF7A7268B178F001D3CD1 /* SectionCollectionViewCell.swift */,
			);
			path = Section;
			sourceTree = "<group>";
		};
		B285252A554AA73B57EDC18F /* Frameworks */ = {
			isa = PBXGroup;
			children = (
				6FAA9D86601E0ECE10BC39D6 /* Pods_view_pager.framework */,
			);
			name = Frameworks;
			sourceTree = "<group>";
		};
/* End PBXGroup section */

/* Begin PBXNativeTarget section */
		AB5AF77D268A3ED7001D3CD1 /* view-pager */ = {
			isa = PBXNativeTarget;
			buildConfigurationList = AB5AF792268A3EDA001D3CD1 /* Build configuration list for PBXNativeTarget "view-pager" */;
			buildPhases = (
				9E0EC63EBFB00AEC93CE4793 /* [CP] Check Pods Manifest.lock */,
				AB5AF77A268A3ED7001D3CD1 /* Sources */,
				AB5AF77B268A3ED7001D3CD1 /* Frameworks */,
				AB5AF77C268A3ED7001D3CD1 /* Resources */,
				900A56041496CC966A2F9A01 /* [CP] Embed Pods Frameworks */,
			);
			buildRules = (
			);
			dependencies = (
			);
			name = "view-pager";
			productName = "view-pager";
			productReference = AB5AF77E268A3ED7001D3CD1 /* view-pager.app */;
			productType = "com.apple.product-type.application";
		};
/* End PBXNativeTarget section */

/* Begin PBXProject section */
		AB5AF776268A3ED7001D3CD1 /* Project object */ = {
			isa = PBXProject;
			attributes = {
				LastSwiftUpdateCheck = 1250;
				LastUpgradeCheck = 1250;
				TargetAttributes = {
					AB5AF77D268A3ED7001D3CD1 = {
						CreatedOnToolsVersion = 12.5.1;
					};
				};
			};
			buildConfigurationList = AB5AF779268A3ED7001D3CD1 /* Build configuration list for PBXProject "view-pager" */;
			compatibilityVersion = "Xcode 9.3";
			developmentRegion = en;
			hasScannedForEncodings = 0;
			knownRegions = (
				en,
				Base,
			);
			mainGroup = AB5AF775268A3ED7001D3CD1;
			productRefGroup = AB5AF77F268A3ED7001D3CD1 /* Products */;
			projectDirPath = "";
			projectRoot = "";
			targets = (
				AB5AF77D268A3ED7001D3CD1 /* view-pager */,
			);
		};
/* End PBXProject section */

/* Begin PBXResourcesBuildPhase section */
		AB5AF77C268A3ED7001D3CD1 /* Resources */ = {
			isa = PBXResourcesBuildPhase;
			buildActionMask = 2147483647;
			files = (
				AB5AF78E268A3EDA001D3CD1 /* LaunchScreen.storyboard in Resources */,
				AB5AF78B268A3EDA001D3CD1 /* Assets.xcassets in Resources */,
				AB5AF789268A3ED7001D3CD1 /* Main.storyboard in Resources */,
			);
			runOnlyForDeploymentPostprocessing = 0;
		};
/* End PBXResourcesBuildPhase section */

/* Begin PBXShellScriptBuildPhase section */
		900A56041496CC966A2F9A01 /* [CP] Embed Pods Frameworks */ = {
			isa = PBXShellScriptBuildPhase;
			buildActionMask = 2147483647;
			files = (
			);
			inputFileListPaths = (
				"${PODS_ROOT}/Target Support Files/Pods-view-pager/Pods-view-pager-frameworks-${CONFIGURATION}-input-files.xcfilelist",
			);
			name = "[CP] Embed Pods Frameworks";
			outputFileListPaths = (
				"${PODS_ROOT}/Target Support Files/Pods-view-pager/Pods-view-pager-frameworks-${CONFIGURATION}-output-files.xcfilelist",
			);
			runOnlyForDeploymentPostprocessing = 0;
			shellPath = /bin/sh;
			shellScript = "\"${PODS_ROOT}/Target Support Files/Pods-view-pager/Pods-view-pager-frameworks.sh\"\n";
			showEnvVarsInLog = 0;
		};
		9E0EC63EBFB00AEC93CE4793 /* [CP] Check Pods Manifest.lock */ = {
			isa = PBXShellScriptBuildPhase;
			buildActionMask = 2147483647;
			files = (
			);
			inputFileListPaths = (
			);
			inputPaths = (
				"${PODS_PODFILE_DIR_PATH}/Podfile.lock",
				"${PODS_ROOT}/Manifest.lock",
			);
			name = "[CP] Check Pods Manifest.lock";
			outputFileListPaths = (
			);
			outputPaths = (
				"$(DERIVED_FILE_DIR)/Pods-view-pager-checkManifestLockResult.txt",
			);
			runOnlyForDeploymentPostprocessing = 0;
			shellPath = /bin/sh;
			shellScript = "diff \"${PODS_PODFILE_DIR_PATH}/Podfile.lock\" \"${PODS_ROOT}/Manifest.lock\" > /dev/null\nif [ $? != 0 ] ; then\n    # print error to STDERR\n    echo \"error: The sandbox is not in sync with the Podfile.lock. Run 'pod install' or update your CocoaPods installation.\" >&2\n    exit 1\nfi\n# This output is used by Xcode 'outputs' to avoid re-running this script phase.\necho \"SUCCESS\" > \"${SCRIPT_OUTPUT_FILE_0}\"\n";
			showEnvVarsInLog = 0;
		};
/* End PBXShellScriptBuildPhase section */

/* Begin PBXSourcesBuildPhase section */
		AB5AF77A268A3ED7001D3CD1 /* Sources */ = {
			isa = PBXSourcesBuildPhase;
			buildActionMask = 2147483647;
			files = (
				AB5AF786268A3ED7001D3CD1 /* ViewController.swift in Sources */,
				AB5AF782268A3ED7001D3CD1 /* AppDelegate.swift in Sources */,
				AB5AF784268A3ED7001D3CD1 /* SceneDelegate.swift in Sources */,
				AB5AF79F268B03E0001D3CD1 /* FirstViewController.swift in Sources */,
				AB5AF7A1268B03F4001D3CD1 /* SecondViewController.swift in Sources */,
				AB5AF796268A4979001D3CD1 /* PageViewController.swift in Sources */,
				AB5AF7A3268B0404001D3CD1 /* ThirdViewController.swift in Sources */,
				AB5AF7A8268B178F001D3CD1 /* SectionCollectionViewCell.swift in Sources */,
				AB5AF79B268A4AC2001D3CD1 /* MenuCollectionViewCell.swift in Sources */,
			);
			runOnlyForDeploymentPostprocessing = 0;
		};
/* End PBXSourcesBuildPhase section */

/* Begin PBXVariantGroup section */
		AB5AF787268A3ED7001D3CD1 /* Main.storyboard */ = {
			isa = PBXVariantGroup;
			children = (
				AB5AF788268A3ED7001D3CD1 /* Base */,
			);
			name = Main.storyboard;
			sourceTree = "<group>";
		};
		AB5AF78C268A3EDA001D3CD1 /* LaunchScreen.storyboard */ = {
			isa = PBXVariantGroup;
			children = (
				AB5AF78D268A3EDA001D3CD1 /* Base */,
			);
			name = LaunchScreen.storyboard;
			sourceTree = "<group>";
		};
/* End PBXVariantGroup section */

/* Begin XCBuildConfiguration section */
		AB5AF790268A3EDA001D3CD1 /* Debug */ = {
			isa = XCBuildConfiguration;
			buildSettings = {
				ALWAYS_SEARCH_USER_PATHS = NO;
				CLANG_ANALYZER_NONNULL = YES;
				CLANG_ANALYZER_NUMBER_OBJECT_CONVERSION = YES_AGGRESSIVE;
				CLANG_CXX_LANGUAGE_STANDARD = "gnu++14";
				CLANG_CXX_LIBRARY = "libc++";
				CLANG_ENABLE_MODULES = YES;
				CLANG_ENABLE_OBJC_ARC = YES;
				CLANG_ENABLE_OBJC_WEAK = YES;
				CLANG_WARN_BLOCK_CAPTURE_AUTORELEASING = YES;
				CLANG_WARN_BOOL_CONVERSION = YES;
				CLANG_WARN_COMMA = YES;
				CLANG_WARN_CONSTANT_CONVERSION = YES;
				CLANG_WARN_DEPRECATED_OBJC_IMPLEMENTATIONS = YES;
				CLANG_WARN_DIRECT_OBJC_ISA_USAGE = YES_ERROR;
				CLANG_WARN_DOCUMENTATION_COMMENTS = YES;
				CLANG_WARN_EMPTY_BODY = YES;
				CLANG_WARN_ENUM_CONVERSION = YES;
				CLANG_WARN_INFINITE_RECURSION = YES;
				CLANG_WARN_INT_CONVERSION = YES;
				CLANG_WARN_NON_LITERAL_NULL_CONVERSION = YES;
				CLANG_WARN_OBJC_IMPLICIT_RETAIN_SELF = YES;
				CLANG_WARN_OBJC_LITERAL_CONVERSION = YES;
				CLANG_WARN_OBJC_ROOT_CLASS = YES_ERROR;
				CLANG_WARN_QUOTED_INCLUDE_IN_FRAMEWORK_HEADER = YES;
				CLANG_WARN_RANGE_LOOP_ANALYSIS = YES;
				CLANG_WARN_STRICT_PROTOTYPES = YES;
				CLANG_WARN_SUSPICIOUS_MOVE = YES;
				CLANG_WARN_UNGUARDED_AVAILABILITY = YES_AGGRESSIVE;
				CLANG_WARN_UNREACHABLE_CODE = YES;
				CLANG_WARN__DUPLICATE_METHOD_MATCH = YES;
				COPY_PHASE_STRIP = NO;
				DEBUG_INFORMATION_FORMAT = dwarf;
				ENABLE_STRICT_OBJC_MSGSEND = YES;
				ENABLE_TESTABILITY = YES;
				GCC_C_LANGUAGE_STANDARD = gnu11;
				GCC_DYNAMIC_NO_PIC = NO;
				GCC_NO_COMMON_BLOCKS = YES;
				GCC_OPTIMIZATION_LEVEL = 0;
				GCC_PREPROCESSOR_DEFINITIONS = (
					"DEBUG=1",
					"$(inherited)",
				);
				GCC_WARN_64_TO_32_BIT_CONVERSION = YES;
				GCC_WARN_ABOUT_RETURN_TYPE = YES_ERROR;
				GCC_WARN_UNDECLARED_SELECTOR = YES;
				GCC_WARN_UNINITIALIZED_AUTOS = YES_AGGRESSIVE;
				GCC_WARN_UNUSED_FUNCTION = YES;
				GCC_WARN_UNUSED_VARIABLE = YES;
				IPHONEOS_DEPLOYMENT_TARGET = 14.5;
				MTL_ENABLE_DEBUG_INFO = INCLUDE_SOURCE;
				MTL_FAST_MATH = YES;
				ONLY_ACTIVE_ARCH = YES;
				SDKROOT = iphoneos;
				SWIFT_ACTIVE_COMPILATION_CONDITIONS = DEBUG;
				SWIFT_OPTIMIZATION_LEVEL = "-Onone";
			};
			name = Debug;
		};
		AB5AF791268A3EDA001D3CD1 /* Release */ = {
			isa = XCBuildConfiguration;
			buildSettings = {
				ALWAYS_SEARCH_USER_PATHS = NO;
				CLANG_ANALYZER_NONNULL = YES;
				CLANG_ANALYZER_NUMBER_OBJECT_CONVERSION = YES_AGGRESSIVE;
				CLANG_CXX_LANGUAGE_STANDARD = "gnu++14";
				CLANG_CXX_LIBRARY = "libc++";
				CLANG_ENABLE_MODULES = YES;
				CLANG_ENABLE_OBJC_ARC = YES;
				CLANG_ENABLE_OBJC_WEAK = YES;
				CLANG_WARN_BLOCK_CAPTURE_AUTORELEASING = YES;
				CLANG_WARN_BOOL_CONVERSION = YES;
				CLANG_WARN_COMMA = YES;
				CLANG_WARN_CONSTANT_CONVERSION = YES;
				CLANG_WARN_DEPRECATED_OBJC_IMPLEMENTATIONS = YES;
				CLANG_WARN_DIRECT_OBJC_ISA_USAGE = YES_ERROR;
				CLANG_WARN_DOCUMENTATION_COMMENTS = YES;
				CLANG_WARN_EMPTY_BODY = YES;
				CLANG_WARN_ENUM_CONVERSION = YES;
				CLANG_WARN_INFINITE_RECURSION = YES;
				CLANG_WARN_INT_CONVERSION = YES;
				CLANG_WARN_NON_LITERAL_NULL_CONVERSION = YES;
				CLANG_WARN_OBJC_IMPLICIT_RETAIN_SELF = YES;
				CLANG_WARN_OBJC_LITERAL_CONVERSION = YES;
				CLANG_WARN_OBJC_ROOT_CLASS = YES_ERROR;
				CLANG_WARN_QUOTED_INCLUDE_IN_FRAMEWORK_HEADER = YES;
				CLANG_WARN_RANGE_LOOP_ANALYSIS = YES;
				CLANG_WARN_STRICT_PROTOTYPES = YES;
				CLANG_WARN_SUSPICIOUS_MOVE = YES;
				CLANG_WARN_UNGUARDED_AVAILABILITY = YES_AGGRESSIVE;
				CLANG_WARN_UNREACHABLE_CODE = YES;
				CLANG_WARN__DUPLICATE_METHOD_MATCH = YES;
				COPY_PHASE_STRIP = NO;
				DEBUG_INFORMATION_FORMAT = "dwarf-with-dsym";
				ENABLE_NS_ASSERTIONS = NO;
				ENABLE_STRICT_OBJC_MSGSEND = YES;
				GCC_C_LANGUAGE_STANDARD = gnu11;
				GCC_NO_COMMON_BLOCKS = YES;
				GCC_WARN_64_TO_32_BIT_CONVERSION = YES;
				GCC_WARN_ABOUT_RETURN_TYPE = YES_ERROR;
				GCC_WARN_UNDECLARED_SELECTOR = YES;
				GCC_WARN_UNINITIALIZED_AUTOS = YES_AGGRESSIVE;
				GCC_WARN_UNUSED_FUNCTION = YES;
				GCC_WARN_UNUSED_VARIABLE = YES;
				IPHONEOS_DEPLOYMENT_TARGET = 14.5;
				MTL_ENABLE_DEBUG_INFO = NO;
				MTL_FAST_MATH = YES;
				SDKROOT = iphoneos;
				SWIFT_COMPILATION_MODE = wholemodule;
				SWIFT_OPTIMIZATION_LEVEL = "-O";
				VALIDATE_PRODUCT = YES;
			};
			name = Release;
		};
		AB5AF793268A3EDA001D3CD1 /* Debug */ = {
			isa = XCBuildConfiguration;
			baseConfigurationReference = BC8141FCDC584788110F1494 /* Pods-view-pager.debug.xcconfig */;
			buildSettings = {
				ASSETCATALOG_COMPILER_APPICON_NAME = AppIcon;
				ASSETCATALOG_COMPILER_GLOBAL_ACCENT_COLOR_NAME = AccentColor;
				CODE_SIGN_STYLE = Automatic;
				DEVELOPMENT_TEAM = G7SD8523Y3;
				INFOPLIST_FILE = "view-pager/Info.plist";
				LD_RUNPATH_SEARCH_PATHS = (
					"$(inherited)",
					"@executable_path/Frameworks",
				);
				PRODUCT_BUNDLE_IDENTIFIER = "inaelee.view-pager";
				PRODUCT_NAME = "$(TARGET_NAME)";
				SWIFT_VERSION = 5.0;
				TARGETED_DEVICE_FAMILY = "1,2";
			};
			name = Debug;
		};
		AB5AF794268A3EDA001D3CD1 /* Release */ = {
			isa = XCBuildConfiguration;
			baseConfigurationReference = 28147A8F4112975FFBE1EC8B /* Pods-view-pager.release.xcconfig */;
			buildSettings = {
				ASSETCATALOG_COMPILER_APPICON_NAME = AppIcon;
				ASSETCATALOG_COMPILER_GLOBAL_ACCENT_COLOR_NAME = AccentColor;
				CODE_SIGN_STYLE = Automatic;
				DEVELOPMENT_TEAM = G7SD8523Y3;
				INFOPLIST_FILE = "view-pager/Info.plist";
				LD_RUNPATH_SEARCH_PATHS = (
					"$(inherited)",
					"@executable_path/Frameworks",
				);
				PRODUCT_BUNDLE_IDENTIFIER = "inaelee.view-pager";
				PRODUCT_NAME = "$(TARGET_NAME)";
				SWIFT_VERSION = 5.0;
				TARGETED_DEVICE_FAMILY = "1,2";
			};
			name = Release;
		};
/* End XCBuildConfiguration section */

/* Begin XCConfigurationList section */
		AB5AF779268A3ED7001D3CD1 /* Build configuration list for PBXProject "view-pager" */ = {
			isa = XCConfigurationList;
			buildConfigurations = (
				AB5AF790268A3EDA001D3CD1 /* Debug */,
				AB5AF791268A3EDA001D3CD1 /* Release */,
			);
			defaultConfigurationIsVisible = 0;
			defaultConfigurationName = Release;
		};
		AB5AF792268A3EDA001D3CD1 /* Build configuration list for PBXNativeTarget "view-pager" */ = {
			isa = XCConfigurationList;
			buildConfigurations = (
				AB5AF793268A3EDA001D3CD1 /* Debug */,
				AB5AF794268A3EDA001D3CD1 /* Release */,
			);
			defaultConfigurationIsVisible = 0;
			defaultConfigurationName = Release;
		};
/* End XCConfigurationList section */
	};
	rootObject = AB5AF776268A3ED7001D3CD1 /* Project object */;
}
