// !$*UTF8*$!
{
	archiveVersion = 1;
	classes = {
	};
	objectVersion = 48;
	objects = {

/* Begin PBXBuildFile section */
		18B65CBC20C09E8D00BFC903 /* LaunchScreen.storyboard in Resources */ = {isa = PBXBuildFile; fileRef = 18B65CBB20C09E8D00BFC903 /* LaunchScreen.storyboard */; };
		3052E856201040F500F6F30B /* AppDelegate.swift in Sources */ = {isa = PBXBuildFile; fileRef = 3052E855201040F500F6F30B /* AppDelegate.swift */; };
		3052E858201040F500F6F30B /* ViewController.swift in Sources */ = {isa = PBXBuildFile; fileRef = 3052E857201040F500F6F30B /* ViewController.swift */; };
		3052E85B201040F500F6F30B /* Main.storyboard in Resources */ = {isa = PBXBuildFile; fileRef = 3052E859201040F500F6F30B /* Main.storyboard */; };
		3052E85D201040F500F6F30B /* Assets.xcassets in Resources */ = {isa = PBXBuildFile; fileRef = 3052E85C201040F500F6F30B /* Assets.xcassets */; };
		3052E884201041FA00F6F30B /* Game.swift in Sources */ = {isa = PBXBuildFile; fileRef = 3052E883201041FA00F6F30B /* Game.swift */; };
		3052E8862010600D00F6F30B /* Converter.swift in Sources */ = {isa = PBXBuildFile; fileRef = 3052E8852010600D00F6F30B /* Converter.swift */; };
		3052E8882010950800F6F30B /* GameDoneViewController.swift in Sources */ = {isa = PBXBuildFile; fileRef = 3052E8872010950800F6F30B /* GameDoneViewController.swift */; };
		30833EE42014681A000488C0 /* Shuffle.swift in Sources */ = {isa = PBXBuildFile; fileRef = 30833EE32014681A000488C0 /* Shuffle.swift */; };
/* End PBXBuildFile section */

/* Begin PBXContainerItemProxy section */
		3052E867201040F500F6F30B /* PBXContainerItemProxy */ = {
			isa = PBXContainerItemProxy;
			containerPortal = 3052E84A201040F500F6F30B /* Project object */;
			proxyType = 1;
			remoteGlobalIDString = 3052E851201040F500F6F30B;
			remoteInfo = Numero;
		};
/* End PBXContainerItemProxy section */

/* Begin PBXFileReference section */
		18B65CBB20C09E8D00BFC903 /* LaunchScreen.storyboard */ = {isa = PBXFileReference; fileEncoding = 4; lastKnownFileType = file.storyboard; path = LaunchScreen.storyboard; sourceTree = "<group>"; };
		3052E852201040F500F6F30B /* Numero.app */ = {isa = PBXFileReference; explicitFileType = wrapper.application; includeInIndex = 0; path = Numero.app; sourceTree = BUILT_PRODUCTS_DIR; };
		3052E855201040F500F6F30B /* AppDelegate.swift */ = {isa = PBXFileReference; lastKnownFileType = sourcecode.swift; path = AppDelegate.swift; sourceTree = "<group>"; };
		3052E857201040F500F6F30B /* ViewController.swift */ = {isa = PBXFileReference; lastKnownFileType = sourcecode.swift; path = ViewController.swift; sourceTree = "<group>"; };
		3052E85A201040F500F6F30B /* Base */ = {isa = PBXFileReference; lastKnownFileType = file.storyboard; name = Base; path = Base.lproj/Main.storyboard; sourceTree = "<group>"; };
		3052E85C201040F500F6F30B /* Assets.xcassets */ = {isa = PBXFileReference; lastKnownFileType = folder.assetcatalog; path = Assets.xcassets; sourceTree = "<group>"; };
		3052E861201040F500F6F30B /* Info.plist */ = {isa = PBXFileReference; lastKnownFileType = text.plist.xml; path = Info.plist; sourceTree = "<group>"; };
		3052E866201040F500F6F30B /* NumeroTests.xctest */ = {isa = PBXFileReference; explicitFileType = wrapper.cfbundle; includeInIndex = 0; path = NumeroTests.xctest; sourceTree = BUILT_PRODUCTS_DIR; };
		3052E86C201040F500F6F30B /* Info.plist */ = {isa = PBXFileReference; lastKnownFileType = text.plist.xml; path = Info.plist; sourceTree = "<group>"; };
		3052E883201041FA00F6F30B /* Game.swift */ = {isa = PBXFileReference; lastKnownFileType = sourcecode.swift; path = Game.swift; sourceTree = "<group>"; };
		3052E8852010600D00F6F30B /* Converter.swift */ = {isa = PBXFileReference; lastKnownFileType = sourcecode.swift; path = Converter.swift; sourceTree = "<group>"; };
		3052E8872010950800F6F30B /* GameDoneViewController.swift */ = {isa = PBXFileReference; lastKnownFileType = sourcecode.swift; path = GameDoneViewController.swift; sourceTree = "<group>"; };
		30833EE32014681A000488C0 /* Shuffle.swift */ = {isa = PBXFileReference; lastKnownFileType = sourcecode.swift; path = Shuffle.swift; sourceTree = "<group>"; };
/* End PBXFileReference section */

/* Begin PBXFrameworksBuildPhase section */
		3052E84F201040F500F6F30B /* Frameworks */ = {
			isa = PBXFrameworksBuildPhase;
			buildActionMask = 2147483647;
			files = (
			);
			runOnlyForDeploymentPostprocessing = 0;
		};
		3052E863201040F500F6F30B /* Frameworks */ = {
			isa = PBXFrameworksBuildPhase;
			buildActionMask = 2147483647;
			files = (
			);
			runOnlyForDeploymentPostprocessing = 0;
		};
/* End PBXFrameworksBuildPhase section */

/* Begin PBXGroup section */
		3052E849201040F500F6F30B = {
			isa = PBXGroup;
			children = (
				3052E854201040F500F6F30B /* Numero */,
				3052E869201040F500F6F30B /* NumeroTests */,
				3052E853201040F500F6F30B /* Products */,
			);
			sourceTree = "<group>";
		};
		3052E853201040F500F6F30B /* Products */ = {
			isa = PBXGroup;
			children = (
				3052E852201040F500F6F30B /* Numero.app */,
				3052E866201040F500F6F30B /* NumeroTests.xctest */,
			);
			name = Products;
			sourceTree = "<group>";
		};
		3052E854201040F500F6F30B /* Numero */ = {
			isa = PBXGroup;
			children = (
				3052E855201040F500F6F30B /* AppDelegate.swift */,
				3052E857201040F500F6F30B /* ViewController.swift */,
				3052E8872010950800F6F30B /* GameDoneViewController.swift */,
				3052E859201040F500F6F30B /* Main.storyboard */,
				3052E85C201040F500F6F30B /* Assets.xcassets */,
				18B65CBB20C09E8D00BFC903 /* LaunchScreen.storyboard */,
				3052E861201040F500F6F30B /* Info.plist */,
				30833EE32014681A000488C0 /* Shuffle.swift */,
				3052E883201041FA00F6F30B /* Game.swift */,
				3052E8852010600D00F6F30B /* Converter.swift */,
			);
			path = Numero;
			sourceTree = "<group>";
		};
		3052E869201040F500F6F30B /* NumeroTests */ = {
			isa = PBXGroup;
			children = (
				3052E86C201040F500F6F30B /* Info.plist */,
			);
			path = NumeroTests;
			sourceTree = "<group>";
		};
/* End PBXGroup section */

/* Begin PBXNativeTarget section */
		3052E851201040F500F6F30B /* Numero */ = {
			isa = PBXNativeTarget;
			buildConfigurationList = 3052E87A201040F500F6F30B /* Build configuration list for PBXNativeTarget "Numero" */;
			buildPhases = (
				3052E84E201040F500F6F30B /* Sources */,
				3052E84F201040F500F6F30B /* Frameworks */,
				3052E850201040F500F6F30B /* Resources */,
			);
			buildRules = (
			);
			dependencies = (
			);
			name = Numero;
			productName = Numero;
			productReference = 3052E852201040F500F6F30B /* Numero.app */;
			productType = "com.apple.product-type.application";
		};
		3052E865201040F500F6F30B /* NumeroTests */ = {
			isa = PBXNativeTarget;
			buildConfigurationList = 3052E87D201040F500F6F30B /* Build configuration list for PBXNativeTarget "NumeroTests" */;
			buildPhases = (
				3052E862201040F500F6F30B /* Sources */,
				3052E863201040F500F6F30B /* Frameworks */,
				3052E864201040F500F6F30B /* Resources */,
			);
			buildRules = (
			);
			dependencies = (
				3052E868201040F500F6F30B /* PBXTargetDependency */,
			);
			name = NumeroTests;
			productName = NumeroTests;
			productReference = 3052E866201040F500F6F30B /* NumeroTests.xctest */;
			productType = "com.apple.product-type.bundle.unit-test";
		};
/* End PBXNativeTarget section */

/* Begin PBXProject section */
		3052E84A201040F500F6F30B /* Project object */ = {
			isa = PBXProject;
			attributes = {
				LastSwiftUpdateCheck = 0910;
				LastUpgradeCheck = 0940;
				ORGANIZATIONNAME = Facebook;
				TargetAttributes = {
					3052E851201040F500F6F30B = {
						CreatedOnToolsVersion = 9.1;
						ProvisioningStyle = Automatic;
					};
					3052E865201040F500F6F30B = {
						CreatedOnToolsVersion = 9.1;
						ProvisioningStyle = Automatic;
						TestTargetID = 3052E851201040F500F6F30B;
					};
				};
			};
			buildConfigurationList = 3052E84D201040F500F6F30B /* Build configuration list for PBXProject "Numero" */;
			compatibilityVersion = "Xcode 8.0";
			developmentRegion = en;
			hasScannedForEncodings = 0;
			knownRegions = (
				en,
				Base,
			);
			mainGroup = 3052E849201040F500F6F30B;
			productRefGroup = 3052E853201040F500F6F30B /* Products */;
			projectDirPath = "";
			projectRoot = "";
			targets = (
				3052E851201040F500F6F30B /* Numero */,
				3052E865201040F500F6F30B /* NumeroTests */,
			);
		};
/* End PBXProject section */

/* Begin PBXResourcesBuildPhase section */
		3052E850201040F500F6F30B /* Resources */ = {
			isa = PBXResourcesBuildPhase;
			buildActionMask = 2147483647;
			files = (
				18B65CBC20C09E8D00BFC903 /* LaunchScreen.storyboard in Resources */,
				3052E85D201040F500F6F30B /* Assets.xcassets in Resources */,
				3052E85B201040F500F6F30B /* Main.storyboard in Resources */,
			);
			runOnlyForDeploymentPostprocessing = 0;
		};
		3052E864201040F500F6F30B /* Resources */ = {
			isa = PBXResourcesBuildPhase;
			buildActionMask = 2147483647;
			files = (
			);
			runOnlyForDeploymentPostprocessing = 0;
		};
/* End PBXResourcesBuildPhase section */

/* Begin PBXSourcesBuildPhase section */
		3052E84E201040F500F6F30B /* Sources */ = {
			isa = PBXSourcesBuildPhase;
			buildActionMask = 2147483647;
			files = (
				3052E8882010950800F6F30B /* GameDoneViewController.swift in Sources */,
				30833EE42014681A000488C0 /* Shuffle.swift in Sources */,
				3052E858201040F500F6F30B /* ViewController.swift in Sources */,
				3052E884201041FA00F6F30B /* Game.swift in Sources */,
				3052E8862010600D00F6F30B /* Converter.swift in Sources */,
				3052E856201040F500F6F30B /* AppDelegate.swift in Sources */,
			);
			runOnlyForDeploymentPostprocessing = 0;
		};
		3052E862201040F500F6F30B /* Sources */ = {
			isa = PBXSourcesBuildPhase;
			buildActionMask = 2147483647;
			files = (
			);
			runOnlyForDeploymentPostprocessing = 0;
		};
/* End PBXSourcesBuildPhase section */

/* Begin PBXTargetDependency section */
		3052E868201040F500F6F30B /* PBXTargetDependency */ = {
			isa = PBXTargetDependency;
			target = 3052E851201040F500F6F30B /* Numero */;
			targetProxy = 3052E867201040F500F6F30B /* PBXContainerItemProxy */;
		};
/* End PBXTargetDependency section */

/* Begin PBXVariantGroup section */
		3052E859201040F500F6F30B /* Main.storyboard */ = {
			isa = PBXVariantGroup;
			children = (
				3052E85A201040F500F6F30B /* Base */,
			);
			name = Main.storyboard;
			sourceTree = "<group>";
		};
/* End PBXVariantGroup section */

/* Begin XCBuildConfiguration section */
		3052E878201040F500F6F30B /* Debug */ = {
			isa = XCBuildConfiguration;
			buildSettings = {
				ALWAYS_SEARCH_USER_PATHS = NO;
				CLANG_ANALYZER_NONNULL = YES;
				CLANG_ANALYZER_NUMBER_OBJECT_CONVERSION = YES_AGGRESSIVE;
				CLANG_CXX_LANGUAGE_STANDARD = "gnu++14";
				CLANG_CXX_LIBRARY = "libc++";
				CLANG_ENABLE_MODULES = YES;
				CLANG_ENABLE_OBJC_ARC = YES;
				CLANG_WARN_BLOCK_CAPTURE_AUTORELEASING = YES;
				CLANG_WARN_BOOL_CONVERSION = YES;
				CLANG_WARN_COMMA = YES;
				CLANG_WARN_CONSTANT_CONVERSION = YES;
				CLANG_WARN_DEPRECATED_OBJC_IMPLEMENTATIONS = YES;
				CLANG_WARN_DIRECT_OBJC_ISA_USAGE = YES_ERROR;
				CLANG_WARN_DOCUMENTATION_COMMENTS = YES;
				CLANG_WARN_EMPTY_BODY = YES;
				CLANG_WARN_ENUM_CONVERSION = YES;
				CLANG_WARN_INFINITE_RECURSION = YES;
				CLANG_WARN_INT_CONVERSION = YES;
				CLANG_WARN_NON_LITERAL_NULL_CONVERSION = YES;
				CLANG_WARN_OBJC_IMPLICIT_RETAIN_SELF = YES;
				CLANG_WARN_OBJC_LITERAL_CONVERSION = YES;
				CLANG_WARN_OBJC_ROOT_CLASS = YES_ERROR;
				CLANG_WARN_RANGE_LOOP_ANALYSIS = YES;
				CLANG_WARN_STRICT_PROTOTYPES = YES;
				CLANG_WARN_SUSPICIOUS_MOVE = YES;
				CLANG_WARN_UNGUARDED_AVAILABILITY = YES_AGGRESSIVE;
				CLANG_WARN_UNREACHABLE_CODE = YES;
				CLANG_WARN__DUPLICATE_METHOD_MATCH = YES;
				CODE_SIGN_IDENTITY = "iPhone Developer";
				COPY_PHASE_STRIP = NO;
				DEBUG_INFORMATION_FORMAT = dwarf;
				ENABLE_STRICT_OBJC_MSGSEND = YES;
				ENABLE_TESTABILITY = YES;
				GCC_C_LANGUAGE_STANDARD = gnu11;
				GCC_DYNAMIC_NO_PIC = NO;
				GCC_NO_COMMON_BLOCKS = YES;
				GCC_OPTIMIZATION_LEVEL = 0;
				GCC_PREPROCESSOR_DEFINITIONS = (
					"DEBUG=1",
					"$(inherited)",
				);
				GCC_WARN_64_TO_32_BIT_CONVERSION = YES;
				GCC_WARN_ABOUT_RETURN_TYPE = YES_ERROR;
				GCC_WARN_UNDECLARED_SELECTOR = YES;
				GCC_WARN_UNINITIALIZED_AUTOS = YES_AGGRESSIVE;
				GCC_WARN_UNUSED_FUNCTION = YES;
				GCC_WARN_UNUSED_VARIABLE = YES;
				IPHONEOS_DEPLOYMENT_TARGET = 11.1;
				MTL_ENABLE_DEBUG_INFO = YES;
				ONLY_ACTIVE_ARCH = YES;
				SDKROOT = iphoneos;
				SWIFT_ACTIVE_COMPILATION_CONDITIONS = DEBUG;
				SWIFT_OPTIMIZATION_LEVEL = "-Onone";
			};
			name = Debug;
		};
		3052E879201040F500F6F30B /* Release */ = {
			isa = XCBuildConfiguration;
			buildSettings = {
				ALWAYS_SEARCH_USER_PATHS = NO;
				CLANG_ANALYZER_NONNULL = YES;
				CLANG_ANALYZER_NUMBER_OBJECT_CONVERSION = YES_AGGRESSIVE;
				CLANG_CXX_LANGUAGE_STANDARD = "gnu++14";
				CLANG_CXX_LIBRARY = "libc++";
				CLANG_ENABLE_MODULES = YES;
				CLANG_ENABLE_OBJC_ARC = YES;
				CLANG_WARN_BLOCK_CAPTURE_AUTORELEASING = YES;
				CLANG_WARN_BOOL_CONVERSION = YES;
				CLANG_WARN_COMMA = YES;
				CLANG_WARN_CONSTANT_CONVERSION = YES;
				CLANG_WARN_DEPRECATED_OBJC_IMPLEMENTATIONS = YES;
				CLANG_WARN_DIRECT_OBJC_ISA_USAGE = YES_ERROR;
				CLANG_WARN_DOCUMENTATION_COMMENTS = YES;
				CLANG_WARN_EMPTY_BODY = YES;
				CLANG_WARN_ENUM_CONVERSION = YES;
				CLANG_WARN_INFINITE_RECURSION = YES;
				CLANG_WARN_INT_CONVERSION = YES;
				CLANG_WARN_NON_LITERAL_NULL_CONVERSION = YES;
				CLANG_WARN_OBJC_IMPLICIT_RETAIN_SELF = YES;
				CLANG_WARN_OBJC_LITERAL_CONVERSION = YES;
				CLANG_WARN_OBJC_ROOT_CLASS = YES_ERROR;
				CLANG_WARN_RANGE_LOOP_ANALYSIS = YES;
				CLANG_WARN_STRICT_PROTOTYPES = YES;
				CLANG_WARN_SUSPICIOUS_MOVE = YES;
				CLANG_WARN_UNGUARDED_AVAILABILITY = YES_AGGRESSIVE;
				CLANG_WARN_UNREACHABLE_CODE = YES;
				CLANG_WARN__DUPLICATE_METHOD_MATCH = YES;
				CODE_SIGN_IDENTITY = "iPhone Developer";
				COPY_PHASE_STRIP = NO;
				DEBUG_INFORMATION_FORMAT = "dwarf-with-dsym";
				ENABLE_NS_ASSERTIONS = NO;
				ENABLE_STRICT_OBJC_MSGSEND = YES;
				GCC_C_LANGUAGE_STANDARD = gnu11;
				GCC_NO_COMMON_BLOCKS = YES;
				GCC_WARN_64_TO_32_BIT_CONVERSION = YES;
				GCC_WARN_ABOUT_RETURN_TYPE = YES_ERROR;
				GCC_WARN_UNDECLARED_SELECTOR = YES;
				GCC_WARN_UNINITIALIZED_AUTOS = YES_AGGRESSIVE;
				GCC_WARN_UNUSED_FUNCTION = YES;
				GCC_WARN_UNUSED_VARIABLE = YES;
				IPHONEOS_DEPLOYMENT_TARGET = 11.1;
				MTL_ENABLE_DEBUG_INFO = NO;
				SDKROOT = iphoneos;
				SWIFT_OPTIMIZATION_LEVEL = "-Owholemodule";
				VALIDATE_PRODUCT = YES;
			};
			name = Release;
		};
		3052E87B201040F500F6F30B /* Debug */ = {
			isa = XCBuildConfiguration;
			buildSettings = {
				ASSETCATALOG_COMPILER_APPICON_NAME = AppIcon;
				"CODE_SIGN_IDENTITY[sdk=iphoneos*]" = "iPhone Developer";
				CODE_SIGN_STYLE = Automatic;
				DEVELOPMENT_TEAM = "";
				INFOPLIST_FILE = Numero/Info.plist;
				LD_RUNPATH_SEARCH_PATHS = "$(inherited) @executable_path/Frameworks";
				PRODUCT_BUNDLE_IDENTIFIER = com.raywenderlich.Numero;
				PRODUCT_NAME = "$(TARGET_NAME)";
				PROVISIONING_PROFILE_SPECIFIER = "";
				SWIFT_VERSION = 4.0;
				TARGETED_DEVICE_FAMILY = "1,2";
			};
			name = Debug;
		};
		3052E87C201040F500F6F30B /* Release */ = {
			isa = XCBuildConfiguration;
			buildSettings = {
				ASSETCATALOG_COMPILER_APPICON_NAME = AppIcon;
				"CODE_SIGN_IDENTITY[sdk=iphoneos*]" = "iPhone Developer";
				CODE_SIGN_STYLE = Automatic;
				DEVELOPMENT_TEAM = "";
				INFOPLIST_FILE = Numero/Info.plist;
				LD_RUNPATH_SEARCH_PATHS = "$(inherited) @executable_path/Frameworks";
				PRODUCT_BUNDLE_IDENTIFIER = com.raywenderlich.Numero;
				PRODUCT_NAME = "$(TARGET_NAME)";
				PROVISIONING_PROFILE_SPECIFIER = "";
				SWIFT_VERSION = 4.0;
				TARGETED_DEVICE_FAMILY = "1,2";
			};
			name = Release;
		};
		3052E87E201040F500F6F30B /* Debug */ = {
			isa = XCBuildConfiguration;
			buildSettings = {
				ALWAYS_EMBED_SWIFT_STANDARD_LIBRARIES = YES;
				BUNDLE_LOADER = "$(TEST_HOST)";
				"CODE_SIGN_IDENTITY[sdk=iphoneos*]" = "iPhone Developer";
				CODE_SIGN_STYLE = Automatic;
				DEVELOPMENT_TEAM = "";
				INFOPLIST_FILE = NumeroTests/Info.plist;
				LD_RUNPATH_SEARCH_PATHS = "$(inherited) @executable_path/Frameworks @loader_path/Frameworks";
				PRODUCT_BUNDLE_IDENTIFIER = com.raywenderlich.NumeroTests;
				PRODUCT_NAME = "$(TARGET_NAME)";
				PROVISIONING_PROFILE_SPECIFIER = "";
				SWIFT_VERSION = 4.0;
				TARGETED_DEVICE_FAMILY = "1,2";
				TEST_HOST = "$(BUILT_PRODUCTS_DIR)/Numero.app/Numero";
			};
			name = Debug;
		};
		3052E87F201040F500F6F30B /* Release */ = {
			isa = XCBuildConfiguration;
			buildSettings = {
				ALWAYS_EMBED_SWIFT_STANDARD_LIBRARIES = YES;
				BUNDLE_LOADER = "$(TEST_HOST)";
				"CODE_SIGN_IDENTITY[sdk=iphoneos*]" = "iPhone Developer";
				CODE_SIGN_STYLE = Automatic;
				DEVELOPMENT_TEAM = "";
				INFOPLIST_FILE = NumeroTests/Info.plist;
				LD_RUNPATH_SEARCH_PATHS = "$(inherited) @executable_path/Frameworks @loader_path/Frameworks";
				PRODUCT_BUNDLE_IDENTIFIER = com.raywenderlich.NumeroTests;
				PRODUCT_NAME = "$(TARGET_NAME)";
				PROVISIONING_PROFILE_SPECIFIER = "";
				SWIFT_VERSION = 4.0;
				TARGETED_DEVICE_FAMILY = "1,2";
				TEST_HOST = "$(BUILT_PRODUCTS_DIR)/Numero.app/Numero";
			};
			name = Release;
		};
/* End XCBuildConfiguration section */

/* Begin XCConfigurationList section */
		3052E84D201040F500F6F30B /* Build configuration list for PBXProject "Numero" */ = {
			isa = XCConfigurationList;
			buildConfigurations = (
				3052E878201040F500F6F30B /* Debug */,
				3052E879201040F500F6F30B /* Release */,
			);
			defaultConfigurationIsVisible = 0;
			defaultConfigurationName = Release;
		};
		3052E87A201040F500F6F30B /* Build configuration list for PBXNativeTarget "Numero" */ = {
			isa = XCConfigurationList;
			buildConfigurations = (
				3052E87B201040F500F6F30B /* Debug */,
				3052E87C201040F500F6F30B /* Release */,
			);
			defaultConfigurationIsVisible = 0;
			defaultConfigurationName = Release;
		};
		3052E87D201040F500F6F30B /* Build configuration list for PBXNativeTarget "NumeroTests" */ = {
			isa = XCConfigurationList;
			buildConfigurations = (
				3052E87E201040F500F6F30B /* Debug */,
				3052E87F201040F500F6F30B /* Release */,
			);
			defaultConfigurationIsVisible = 0;
			defaultConfigurationName = Release;
		};
/* End XCConfigurationList section */
	};
	rootObject = 3052E84A201040F500F6F30B /* Project object */;
}
